// !$*UTF8*$!
{
	archiveVersion = 1;
	classes = {
	};
	objectVersion = 51;
	objects = {

/* Begin PBXBuildFile section */
		ECD1D23BF8B7948569539B56 /* Pods_BannerUI.framework in Frameworks */ = {isa = PBXBuildFile; fileRef = 440991740BBF302EC17E73FF /* Pods_BannerUI.framework */; };
		FA15165425FB7AE000A70206 /* SignInAuth.swift in Sources */ = {isa = PBXBuildFile; fileRef = FA15165325FB7AE000A70206 /* SignInAuth.swift */; };
		FA1C241E26150FDC003D0660 /* CourseRegister.swift in Sources */ = {isa = PBXBuildFile; fileRef = FA1C241D26150FDC003D0660 /* CourseRegister.swift */; };
		FA1C242626152B54003D0660 /* RegisteredCourses.swift in Sources */ = {isa = PBXBuildFile; fileRef = FA1C242526152B54003D0660 /* RegisteredCourses.swift */; };
		FA1C242B2618C3B9003D0660 /* RegisterCart.swift in Sources */ = {isa = PBXBuildFile; fileRef = FA1C242A2618C3B9003D0660 /* RegisterCart.swift */; };
		FA1C24332618DDDC003D0660 /* TempRegister.swift in Sources */ = {isa = PBXBuildFile; fileRef = FA1C24322618DDDC003D0660 /* TempRegister.swift */; };
		FA2B91B925FBF3F200A8540C /* LoginViewModel.swift in Sources */ = {isa = PBXBuildFile; fileRef = FA2B91B825FBF3F200A8540C /* LoginViewModel.swift */; };
		FA3A9E55261074840091043C /* Faculty.swift in Sources */ = {isa = PBXBuildFile; fileRef = FA3A9E54261074840091043C /* Faculty.swift */; };
		FA3A9E5D261079A10091043C /* CreateStudent.swift in Sources */ = {isa = PBXBuildFile; fileRef = FA3A9E5C261079A10091043C /* CreateStudent.swift */; };
		FA3F658F261333920062CF2F /* ShowMajors.swift in Sources */ = {isa = PBXBuildFile; fileRef = FA3F658E261333920062CF2F /* ShowMajors.swift */; };
		FA763F302699CF24004A4D5C /* CreateFaculty.swift in Sources */ = {isa = PBXBuildFile; fileRef = FA763F2F2699CF24004A4D5C /* CreateFaculty.swift */; };
		FA763F322699DB2B004A4D5C /* AddCourseToFaculty.swift in Sources */ = {isa = PBXBuildFile; fileRef = FA763F312699DB2B004A4D5C /* AddCourseToFaculty.swift */; };
		FA763F342699F99F004A4D5C /* GradingCalculator.swift in Sources */ = {isa = PBXBuildFile; fileRef = FA763F332699F99F004A4D5C /* GradingCalculator.swift */; };
		FA763FB2269B652F004A4D5C /* courseGrading.swift in Sources */ = {isa = PBXBuildFile; fileRef = FA763FB1269B652F004A4D5C /* courseGrading.swift */; };
		FA8C3BB4269CE3E700178C93 /* SubmitSections.swift in Sources */ = {isa = PBXBuildFile; fileRef = FA8C3BB3269CE3E700178C93 /* SubmitSections.swift */; };
		FA8C3BB6269CE59C00178C93 /* CreateCourse.swift in Sources */ = {isa = PBXBuildFile; fileRef = FA8C3BB5269CE59C00178C93 /* CreateCourse.swift */; };
		FA97A0E925FF8E6A003B24CB /* Admin.swift in Sources */ = {isa = PBXBuildFile; fileRef = FA97A0E825FF8E6A003B24CB /* Admin.swift */; };
		FA97CA0D25FA2D19002147CA /* Information.swift in Sources */ = {isa = PBXBuildFile; fileRef = FA97CA0C25FA2D19002147CA /* Information.swift */; };
		FA97CA2825FA2F8C002147CA /* Student.swift in Sources */ = {isa = PBXBuildFile; fileRef = FA97CA2725FA2F8C002147CA /* Student.swift */; };
		FA97CA2D25FA2F9A002147CA /* Course.swift in Sources */ = {isa = PBXBuildFile; fileRef = FA97CA2C25FA2F9A002147CA /* Course.swift */; };
		FA97CA3725FA305E002147CA /* dbRepo.swift in Sources */ = {isa = PBXBuildFile; fileRef = FA97CA3625FA305E002147CA /* dbRepo.swift */; };
		FA97CA3C25FA32DD002147CA /* PersonalTab.swift in Sources */ = {isa = PBXBuildFile; fileRef = FA97CA3B25FA32DD002147CA /* PersonalTab.swift */; };
		FA97CA4425FA3344002147CA /* CollegeTab.swift in Sources */ = {isa = PBXBuildFile; fileRef = FA97CA4325FA3344002147CA /* CollegeTab.swift */; };
		FAC3251E26126A9A00565D2F /* Section.swift in Sources */ = {isa = PBXBuildFile; fileRef = FAC3251D26126A9A00565D2F /* Section.swift */; };
		FAC3252326132BE400565D2F /* Majors.swift in Sources */ = {isa = PBXBuildFile; fileRef = FAC3252226132BE400565D2F /* Majors.swift */; };
		FAC32536261331E000565D2F /* BrowseClasses.swift in Sources */ = {isa = PBXBuildFile; fileRef = FAC32535261331E000565D2F /* BrowseClasses.swift */; };
		FAC3253E2613320900565D2F /* CourseInfo.swift in Sources */ = {isa = PBXBuildFile; fileRef = FAC3253D2613320900565D2F /* CourseInfo.swift */; };
		FAC4C951269DFFD300055DD9 /* Sections.swift in Sources */ = {isa = PBXBuildFile; fileRef = FAC4C950269DFFD300055DD9 /* Sections.swift */; };
		FAD588A625FABB2D005CB974 /* AcademicTranscript.swift in Sources */ = {isa = PBXBuildFile; fileRef = FAD588A525FABB2D005CB974 /* AcademicTranscript.swift */; };
		FAD588B525FABB5A005CB974 /* ClassSchedule.swift in Sources */ = {isa = PBXBuildFile; fileRef = FAD588B425FABB5A005CB974 /* ClassSchedule.swift */; };
		FAD588CE25FABBD8005CB974 /* RegisterClasses.swift in Sources */ = {isa = PBXBuildFile; fileRef = FAD588CD25FABBD8005CB974 /* RegisterClasses.swift */; };
		FAD588D325FABC8D005CB974 /* StudentRecords.swift in Sources */ = {isa = PBXBuildFile; fileRef = FAD588D225FABC8D005CB974 /* StudentRecords.swift */; };
		FAD588E025FABCB9005CB974 /* Registeration.swift in Sources */ = {isa = PBXBuildFile; fileRef = FAD588DF25FABCB9005CB974 /* Registeration.swift */; };
		FAEFAA0C25FA288600F8F571 /* AppDelegate.swift in Sources */ = {isa = PBXBuildFile; fileRef = FAEFAA0B25FA288600F8F571 /* AppDelegate.swift */; };
		FAEFAA0E25FA288600F8F571 /* SceneDelegate.swift in Sources */ = {isa = PBXBuildFile; fileRef = FAEFAA0D25FA288600F8F571 /* SceneDelegate.swift */; };
		FAEFAA1025FA288600F8F571 /* HomePage.swift in Sources */ = {isa = PBXBuildFile; fileRef = FAEFAA0F25FA288600F8F571 /* HomePage.swift */; };
		FAEFAA1225FA288900F8F571 /* Assets.xcassets in Resources */ = {isa = PBXBuildFile; fileRef = FAEFAA1125FA288900F8F571 /* Assets.xcassets */; };
		FAEFAA1525FA288900F8F571 /* Preview Assets.xcassets in Resources */ = {isa = PBXBuildFile; fileRef = FAEFAA1425FA288900F8F571 /* Preview Assets.xcassets */; };
		FAEFAA1825FA288900F8F571 /* LaunchScreen.storyboard in Resources */ = {isa = PBXBuildFile; fileRef = FAEFAA1625FA288900F8F571 /* LaunchScreen.storyboard */; };
		FAEFAA4225FA2A0F00F8F571 /* GoogleService-Info.plist in Resources */ = {isa = PBXBuildFile; fileRef = FAEFAA4125FA2A0F00F8F571 /* GoogleService-Info.plist */; };
		FAFC6BA7261A55C500674275 /* CreateSections.swift in Sources */ = {isa = PBXBuildFile; fileRef = FAFC6BA6261A55C500674275 /* CreateSections.swift */; };
/* End PBXBuildFile section */

/* Begin PBXContainerItemProxy section */
		FAEFAA1F25FA288900F8F571 /* PBXContainerItemProxy */ = {
			isa = PBXContainerItemProxy;
			containerPortal = FAEFAA0025FA288600F8F571 /* Project object */;
			proxyType = 1;
			remoteGlobalIDString = FAEFAA0725FA288600F8F571;
			remoteInfo = BannerUI;
		};
		FAEFAA2A25FA288900F8F571 /* PBXContainerItemProxy */ = {
			isa = PBXContainerItemProxy;
			containerPortal = FAEFAA0025FA288600F8F571 /* Project object */;
			proxyType = 1;
			remoteGlobalIDString = FAEFAA0725FA288600F8F571;
			remoteInfo = BannerUI;
		};
/* End PBXContainerItemProxy section */

/* Begin PBXFileReference section */
		440991740BBF302EC17E73FF /* Pods_BannerUI.framework */ = {isa = PBXFileReference; explicitFileType = wrapper.framework; includeInIndex = 0; path = Pods_BannerUI.framework; sourceTree = BUILT_PRODUCTS_DIR; };
		59B5DAB2B36DAF17863718D4 /* Pods-BannerUI.debug.xcconfig */ = {isa = PBXFileReference; includeInIndex = 1; lastKnownFileType = text.xcconfig; name = "Pods-BannerUI.debug.xcconfig"; path = "Target Support Files/Pods-BannerUI/Pods-BannerUI.debug.xcconfig"; sourceTree = "<group>"; };
		952B03FE7D653F7C49940A2E /* Pods-BannerUI.release.xcconfig */ = {isa = PBXFileReference; includeInIndex = 1; lastKnownFileType = text.xcconfig; name = "Pods-BannerUI.release.xcconfig"; path = "Target Support Files/Pods-BannerUI/Pods-BannerUI.release.xcconfig"; sourceTree = "<group>"; };
		FA15165325FB7AE000A70206 /* SignInAuth.swift */ = {isa = PBXFileReference; lastKnownFileType = sourcecode.swift; path = SignInAuth.swift; sourceTree = "<group>"; };
		FA1C241D26150FDC003D0660 /* CourseRegister.swift */ = {isa = PBXFileReference; lastKnownFileType = sourcecode.swift; path = CourseRegister.swift; sourceTree = "<group>"; };
		FA1C242526152B54003D0660 /* RegisteredCourses.swift */ = {isa = PBXFileReference; lastKnownFileType = sourcecode.swift; path = RegisteredCourses.swift; sourceTree = "<group>"; };
		FA1C242A2618C3B9003D0660 /* RegisterCart.swift */ = {isa = PBXFileReference; lastKnownFileType = sourcecode.swift; path = RegisterCart.swift; sourceTree = "<group>"; };
		FA1C24322618DDDC003D0660 /* TempRegister.swift */ = {isa = PBXFileReference; lastKnownFileType = sourcecode.swift; path = TempRegister.swift; sourceTree = "<group>"; };
		FA2B91B825FBF3F200A8540C /* LoginViewModel.swift */ = {isa = PBXFileReference; lastKnownFileType = sourcecode.swift; path = LoginViewModel.swift; sourceTree = "<group>"; };
		FA3A9E54261074840091043C /* Faculty.swift */ = {isa = PBXFileReference; lastKnownFileType = sourcecode.swift; path = Faculty.swift; sourceTree = "<group>"; };
		FA3A9E5C261079A10091043C /* CreateStudent.swift */ = {isa = PBXFileReference; lastKnownFileType = sourcecode.swift; path = CreateStudent.swift; sourceTree = "<group>"; };
		FA3F658E261333920062CF2F /* ShowMajors.swift */ = {isa = PBXFileReference; lastKnownFileType = sourcecode.swift; path = ShowMajors.swift; sourceTree = "<group>"; };
		FA763F2F2699CF24004A4D5C /* CreateFaculty.swift */ = {isa = PBXFileReference; lastKnownFileType = sourcecode.swift; path = CreateFaculty.swift; sourceTree = "<group>"; };
		FA763F312699DB2B004A4D5C /* AddCourseToFaculty.swift */ = {isa = PBXFileReference; lastKnownFileType = sourcecode.swift; path = AddCourseToFaculty.swift; sourceTree = "<group>"; };
		FA763F332699F99F004A4D5C /* GradingCalculator.swift */ = {isa = PBXFileReference; lastKnownFileType = sourcecode.swift; path = GradingCalculator.swift; sourceTree = "<group>"; };
		FA763FB1269B652F004A4D5C /* courseGrading.swift */ = {isa = PBXFileReference; lastKnownFileType = sourcecode.swift; path = courseGrading.swift; sourceTree = "<group>"; };
		FA8C3BB3269CE3E700178C93 /* SubmitSections.swift */ = {isa = PBXFileReference; lastKnownFileType = sourcecode.swift; path = SubmitSections.swift; sourceTree = "<group>"; };
		FA8C3BB5269CE59C00178C93 /* CreateCourse.swift */ = {isa = PBXFileReference; lastKnownFileType = sourcecode.swift; path = CreateCourse.swift; sourceTree = "<group>"; };
		FA97A0E825FF8E6A003B24CB /* Admin.swift */ = {isa = PBXFileReference; lastKnownFileType = sourcecode.swift; path = Admin.swift; sourceTree = "<group>"; };
		FA97CA0C25FA2D19002147CA /* Information.swift */ = {isa = PBXFileReference; lastKnownFileType = sourcecode.swift; path = Information.swift; sourceTree = "<group>"; };
		FA97CA2725FA2F8C002147CA /* Student.swift */ = {isa = PBXFileReference; lastKnownFileType = sourcecode.swift; path = Student.swift; sourceTree = "<group>"; };
		FA97CA2C25FA2F9A002147CA /* Course.swift */ = {isa = PBXFileReference; lastKnownFileType = sourcecode.swift; path = Course.swift; sourceTree = "<group>"; };
		FA97CA3625FA305E002147CA /* dbRepo.swift */ = {isa = PBXFileReference; lastKnownFileType = sourcecode.swift; path = dbRepo.swift; sourceTree = "<group>"; };
		FA97CA3B25FA32DD002147CA /* PersonalTab.swift */ = {isa = PBXFileReference; lastKnownFileType = sourcecode.swift; path = PersonalTab.swift; sourceTree = "<group>"; };
		FA97CA4325FA3344002147CA /* CollegeTab.swift */ = {isa = PBXFileReference; lastKnownFileType = sourcecode.swift; path = CollegeTab.swift; sourceTree = "<group>"; };
		FAC3251D26126A9A00565D2F /* Section.swift */ = {isa = PBXFileReference; lastKnownFileType = sourcecode.swift; path = Section.swift; sourceTree = "<group>"; };
		FAC3252226132BE400565D2F /* Majors.swift */ = {isa = PBXFileReference; lastKnownFileType = sourcecode.swift; path = Majors.swift; sourceTree = "<group>"; };
		FAC32535261331E000565D2F /* BrowseClasses.swift */ = {isa = PBXFileReference; lastKnownFileType = sourcecode.swift; path = BrowseClasses.swift; sourceTree = "<group>"; };
		FAC3253D2613320900565D2F /* CourseInfo.swift */ = {isa = PBXFileReference; lastKnownFileType = sourcecode.swift; path = CourseInfo.swift; sourceTree = "<group>"; };
		FAC4C950269DFFD300055DD9 /* Sections.swift */ = {isa = PBXFileReference; lastKnownFileType = sourcecode.swift; path = Sections.swift; sourceTree = "<group>"; };
		FAD588A525FABB2D005CB974 /* AcademicTranscript.swift */ = {isa = PBXFileReference; lastKnownFileType = sourcecode.swift; path = AcademicTranscript.swift; sourceTree = "<group>"; };
		FAD588B425FABB5A005CB974 /* ClassSchedule.swift */ = {isa = PBXFileReference; lastKnownFileType = sourcecode.swift; path = ClassSchedule.swift; sourceTree = "<group>"; };
		FAD588CD25FABBD8005CB974 /* RegisterClasses.swift */ = {isa = PBXFileReference; lastKnownFileType = sourcecode.swift; path = RegisterClasses.swift; sourceTree = "<group>"; };
		FAD588D225FABC8D005CB974 /* StudentRecords.swift */ = {isa = PBXFileReference; lastKnownFileType = sourcecode.swift; path = StudentRecords.swift; sourceTree = "<group>"; };
		FAD588DF25FABCB9005CB974 /* Registeration.swift */ = {isa = PBXFileReference; lastKnownFileType = sourcecode.swift; path = Registeration.swift; sourceTree = "<group>"; };
		FAEFAA0825FA288600F8F571 /* BannerUI.app */ = {isa = PBXFileReference; explicitFileType = wrapper.application; includeInIndex = 0; path = BannerUI.app; sourceTree = BUILT_PRODUCTS_DIR; };
		FAEFAA0B25FA288600F8F571 /* AppDelegate.swift */ = {isa = PBXFileReference; lastKnownFileType = sourcecode.swift; path = AppDelegate.swift; sourceTree = "<group>"; };
		FAEFAA0D25FA288600F8F571 /* SceneDelegate.swift */ = {isa = PBXFileReference; lastKnownFileType = sourcecode.swift; path = SceneDelegate.swift; sourceTree = "<group>"; };
		FAEFAA0F25FA288600F8F571 /* HomePage.swift */ = {isa = PBXFileReference; lastKnownFileType = sourcecode.swift; path = HomePage.swift; sourceTree = "<group>"; };
		FAEFAA1125FA288900F8F571 /* Assets.xcassets */ = {isa = PBXFileReference; lastKnownFileType = folder.assetcatalog; path = Assets.xcassets; sourceTree = "<group>"; };
		FAEFAA1425FA288900F8F571 /* Preview Assets.xcassets */ = {isa = PBXFileReference; lastKnownFileType = folder.assetcatalog; path = "Preview Assets.xcassets"; sourceTree = "<group>"; };
		FAEFAA1725FA288900F8F571 /* Base */ = {isa = PBXFileReference; lastKnownFileType = file.storyboard; name = Base; path = Base.lproj/LaunchScreen.storyboard; sourceTree = "<group>"; };
		FAEFAA1925FA288900F8F571 /* Info.plist */ = {isa = PBXFileReference; lastKnownFileType = text.plist.xml; path = Info.plist; sourceTree = "<group>"; };
		FAEFAA1E25FA288900F8F571 /* BannerUITests.xctest */ = {isa = PBXFileReference; explicitFileType = wrapper.cfbundle; includeInIndex = 0; path = BannerUITests.xctest; sourceTree = BUILT_PRODUCTS_DIR; };
		FAEFAA2925FA288900F8F571 /* BannerUIUITests.xctest */ = {isa = PBXFileReference; explicitFileType = wrapper.cfbundle; includeInIndex = 0; path = BannerUIUITests.xctest; sourceTree = BUILT_PRODUCTS_DIR; };
		FAEFAA4125FA2A0F00F8F571 /* GoogleService-Info.plist */ = {isa = PBXFileReference; fileEncoding = 4; lastKnownFileType = text.plist.xml; path = "GoogleService-Info.plist"; sourceTree = "<group>"; };
		FAFC6BA6261A55C500674275 /* CreateSections.swift */ = {isa = PBXFileReference; lastKnownFileType = sourcecode.swift; path = CreateSections.swift; sourceTree = "<group>"; };
/* End PBXFileReference section */

/* Begin PBXFrameworksBuildPhase section */
		FAEFAA0525FA288600F8F571 /* Frameworks */ = {
			isa = PBXFrameworksBuildPhase;
			buildActionMask = 2147483647;
			files = (
				ECD1D23BF8B7948569539B56 /* Pods_BannerUI.framework in Frameworks */,
			);
			runOnlyForDeploymentPostprocessing = 0;
		};
		FAEFAA1B25FA288900F8F571 /* Frameworks */ = {
			isa = PBXFrameworksBuildPhase;
			buildActionMask = 2147483647;
			files = (
			);
			runOnlyForDeploymentPostprocessing = 0;
		};
		FAEFAA2625FA288900F8F571 /* Frameworks */ = {
			isa = PBXFrameworksBuildPhase;
			buildActionMask = 2147483647;
			files = (
			);
			runOnlyForDeploymentPostprocessing = 0;
		};
/* End PBXFrameworksBuildPhase section */

/* Begin PBXGroup section */
		177F8BE5BD2CF8BC73D05A89 /* Frameworks */ = {
			isa = PBXGroup;
			children = (
				440991740BBF302EC17E73FF /* Pods_BannerUI.framework */,
			);
			name = Frameworks;
			sourceTree = "<group>";
		};
		774D7FF8620C8081D4C641E3 /* Pods */ = {
			isa = PBXGroup;
			children = (
				59B5DAB2B36DAF17863718D4 /* Pods-BannerUI.debug.xcconfig */,
				952B03FE7D653F7C49940A2E /* Pods-BannerUI.release.xcconfig */,
			);
			path = Pods;
			sourceTree = "<group>";
		};
		FA15165225FB7AB000A70206 /* Authentication */ = {
			isa = PBXGroup;
			children = (
				FA15165325FB7AE000A70206 /* SignInAuth.swift */,
			);
			path = Authentication;
			sourceTree = "<group>";
		};
		FA2B91B725FBF3D900A8540C /* View Model */ = {
			isa = PBXGroup;
			children = (
				FA2B91B825FBF3F200A8540C /* LoginViewModel.swift */,
			);
			path = "View Model";
			sourceTree = "<group>";
		};
		FA3F6581261333350062CF2F /* Register Classes */ = {
			isa = PBXGroup;
			children = (
				FA3F658E261333920062CF2F /* ShowMajors.swift */,
				FAD588CD25FABBD8005CB974 /* RegisterClasses.swift */,
				FA1C241D26150FDC003D0660 /* CourseRegister.swift */,
				FA1C242526152B54003D0660 /* RegisteredCourses.swift */,
			);
			path = "Register Classes";
			sourceTree = "<group>";
		};
		FA3F6582261333490062CF2F /* Register Cart */ = {
			isa = PBXGroup;
			children = (
				FA1C242A2618C3B9003D0660 /* RegisterCart.swift */,
				FA1C24322618DDDC003D0660 /* TempRegister.swift */,
			);
			path = "Register Cart";
			sourceTree = "<group>";
		};
		FA763F2E2699B693004A4D5C /* Faculty Page */ = {
			isa = PBXGroup;
			children = (
				FA763FB1269B652F004A4D5C /* courseGrading.swift */,
			);
			path = "Faculty Page";
			sourceTree = "<group>";
		};
		FA97CA0225FA2B5D002147CA /* App */ = {
			isa = PBXGroup;
			children = (
				FAEFAA0B25FA288600F8F571 /* AppDelegate.swift */,
				FAEFAA0D25FA288600F8F571 /* SceneDelegate.swift */,
			);
			path = App;
			sourceTree = "<group>";
		};
		FA97CA0325FA2B7A002147CA /* Model */ = {
			isa = PBXGroup;
			children = (
				FA3A9E54261074840091043C /* Faculty.swift */,
				FA97A0E825FF8E6A003B24CB /* Admin.swift */,
				FA97CA2725FA2F8C002147CA /* Student.swift */,
				FA97CA2C25FA2F9A002147CA /* Course.swift */,
				FA763F332699F99F004A4D5C /* GradingCalculator.swift */,
				FAC3251D26126A9A00565D2F /* Section.swift */,
				FAC3252226132BE400565D2F /* Majors.swift */,
			);
			path = Model;
			sourceTree = "<group>";
		};
		FA97CA0425FA2B84002147CA /* Repo */ = {
			isa = PBXGroup;
			children = (
				FA97CA3625FA305E002147CA /* dbRepo.swift */,
			);
			path = Repo;
			sourceTree = "<group>";
		};
		FA97CA0525FA2B8C002147CA /* View */ = {
			isa = PBXGroup;
			children = (
				FA763F2E2699B693004A4D5C /* Faculty Page */,
				FA9D3F5225FD461000B02A43 /* Admin Page */,
				FA15165225FB7AB000A70206 /* Authentication */,
				FAEFAA0F25FA288600F8F571 /* HomePage.swift */,
				FAD5889E25FABA54005CB974 /* Information */,
				FAD5889F25FABA72005CB974 /* Student Records */,
				FAD588C425FABBA2005CB974 /* Registeration */,
			);
			path = View;
			sourceTree = "<group>";
		};
		FA9D3F5225FD461000B02A43 /* Admin Page */ = {
			isa = PBXGroup;
			children = (
				FA3A9E5C261079A10091043C /* CreateStudent.swift */,
				FA763F2F2699CF24004A4D5C /* CreateFaculty.swift */,
				FAFC6BA6261A55C500674275 /* CreateSections.swift */,
				FA8C3BB5269CE59C00178C93 /* CreateCourse.swift */,
				FA8C3BB3269CE3E700178C93 /* SubmitSections.swift */,
				FA763F312699DB2B004A4D5C /* AddCourseToFaculty.swift */,
				FAC4C950269DFFD300055DD9 /* Sections.swift */,
			);
			path = "Admin Page";
			sourceTree = "<group>";
		};
		FAC325282613310A00565D2F /* Browse Classes */ = {
			isa = PBXGroup;
			children = (
				FAC32535261331E000565D2F /* BrowseClasses.swift */,
				FAC3253D2613320900565D2F /* CourseInfo.swift */,
			);
			path = "Browse Classes";
			sourceTree = "<group>";
		};
		FAD5889E25FABA54005CB974 /* Information */ = {
			isa = PBXGroup;
			children = (
				FA97CA0C25FA2D19002147CA /* Information.swift */,
				FA97CA3B25FA32DD002147CA /* PersonalTab.swift */,
				FA97CA4325FA3344002147CA /* CollegeTab.swift */,
			);
			path = Information;
			sourceTree = "<group>";
		};
		FAD5889F25FABA72005CB974 /* Student Records */ = {
			isa = PBXGroup;
			children = (
				FAD588D225FABC8D005CB974 /* StudentRecords.swift */,
				FAD588A525FABB2D005CB974 /* AcademicTranscript.swift */,
				FAD588B425FABB5A005CB974 /* ClassSchedule.swift */,
			);
			path = "Student Records";
			sourceTree = "<group>";
		};
		FAD588C425FABBA2005CB974 /* Registeration */ = {
			isa = PBXGroup;
			children = (
				FAD588DF25FABCB9005CB974 /* Registeration.swift */,
				FAC325282613310A00565D2F /* Browse Classes */,
				FA3F6581261333350062CF2F /* Register Classes */,
				FA3F6582261333490062CF2F /* Register Cart */,
			);
			path = Registeration;
			sourceTree = "<group>";
		};
		FAEFA9FF25FA288600F8F571 = {
			isa = PBXGroup;
			children = (
				FAEFAA0A25FA288600F8F571 /* BannerUI */,
				FAEFAA0925FA288600F8F571 /* Products */,
				774D7FF8620C8081D4C641E3 /* Pods */,
				177F8BE5BD2CF8BC73D05A89 /* Frameworks */,
			);
			sourceTree = "<group>";
		};
		FAEFAA0925FA288600F8F571 /* Products */ = {
			isa = PBXGroup;
			children = (
				FAEFAA0825FA288600F8F571 /* BannerUI.app */,
				FAEFAA1E25FA288900F8F571 /* BannerUITests.xctest */,
				FAEFAA2925FA288900F8F571 /* BannerUIUITests.xctest */,
			);
			name = Products;
			sourceTree = "<group>";
		};
		FAEFAA0A25FA288600F8F571 /* BannerUI */ = {
			isa = PBXGroup;
			children = (
				FA97CA0225FA2B5D002147CA /* App */,
				FA2B91B725FBF3D900A8540C /* View Model */,
				FA97CA0525FA2B8C002147CA /* View */,
				FA97CA0425FA2B84002147CA /* Repo */,
				FA97CA0325FA2B7A002147CA /* Model */,
				FAEFAA1125FA288900F8F571 /* Assets.xcassets */,
				FAEFAA1625FA288900F8F571 /* LaunchScreen.storyboard */,
				FAEFAA1925FA288900F8F571 /* Info.plist */,
				FAEFAA4125FA2A0F00F8F571 /* GoogleService-Info.plist */,
				FAEFAA1325FA288900F8F571 /* Preview Content */,
			);
			path = BannerUI;
			sourceTree = "<group>";
		};
		FAEFAA1325FA288900F8F571 /* Preview Content */ = {
			isa = PBXGroup;
			children = (
				FAEFAA1425FA288900F8F571 /* Preview Assets.xcassets */,
			);
			path = "Preview Content";
			sourceTree = "<group>";
		};
/* End PBXGroup section */

/* Begin PBXNativeTarget section */
		FAEFAA0725FA288600F8F571 /* BannerUI */ = {
			isa = PBXNativeTarget;
			buildConfigurationList = FAEFAA3225FA288900F8F571 /* Build configuration list for PBXNativeTarget "BannerUI" */;
			buildPhases = (
				540579B4CFFCCA8BD390681C /* [CP] Check Pods Manifest.lock */,
				FAEFAA0425FA288600F8F571 /* Sources */,
				FAEFAA0525FA288600F8F571 /* Frameworks */,
				FAEFAA0625FA288600F8F571 /* Resources */,
				E62C0A548DBDBD9F58324082 /* [CP] Embed Pods Frameworks */,
			);
			buildRules = (
			);
			dependencies = (
			);
			name = BannerUI;
			productName = BannerUI;
			productReference = FAEFAA0825FA288600F8F571 /* BannerUI.app */;
			productType = "com.apple.product-type.application";
		};
		FAEFAA1D25FA288900F8F571 /* BannerUITests */ = {
			isa = PBXNativeTarget;
			buildConfigurationList = FAEFAA3525FA288900F8F571 /* Build configuration list for PBXNativeTarget "BannerUITests" */;
			buildPhases = (
				FAEFAA1A25FA288900F8F571 /* Sources */,
				FAEFAA1B25FA288900F8F571 /* Frameworks */,
				FAEFAA1C25FA288900F8F571 /* Resources */,
			);
			buildRules = (
			);
			dependencies = (
				FAEFAA2025FA288900F8F571 /* PBXTargetDependency */,
			);
			name = BannerUITests;
			productName = BannerUITests;
			productReference = FAEFAA1E25FA288900F8F571 /* BannerUITests.xctest */;
			productType = "com.apple.product-type.bundle.unit-test";
		};
		FAEFAA2825FA288900F8F571 /* BannerUIUITests */ = {
			isa = PBXNativeTarget;
			buildConfigurationList = FAEFAA3825FA288900F8F571 /* Build configuration list for PBXNativeTarget "BannerUIUITests" */;
			buildPhases = (
				FAEFAA2525FA288900F8F571 /* Sources */,
				FAEFAA2625FA288900F8F571 /* Frameworks */,
				FAEFAA2725FA288900F8F571 /* Resources */,
			);
			buildRules = (
			);
			dependencies = (
				FAEFAA2B25FA288900F8F571 /* PBXTargetDependency */,
			);
			name = BannerUIUITests;
			productName = BannerUIUITests;
			productReference = FAEFAA2925FA288900F8F571 /* BannerUIUITests.xctest */;
			productType = "com.apple.product-type.bundle.ui-testing";
		};
/* End PBXNativeTarget section */

/* Begin PBXProject section */
		FAEFAA0025FA288600F8F571 /* Project object */ = {
			isa = PBXProject;
			attributes = {
				LastSwiftUpdateCheck = 1240;
				LastUpgradeCheck = 1240;
				TargetAttributes = {
					FAEFAA0725FA288600F8F571 = {
						CreatedOnToolsVersion = 12.4;
					};
					FAEFAA1D25FA288900F8F571 = {
						CreatedOnToolsVersion = 12.4;
						TestTargetID = FAEFAA0725FA288600F8F571;
					};
					FAEFAA2825FA288900F8F571 = {
						CreatedOnToolsVersion = 12.4;
						TestTargetID = FAEFAA0725FA288600F8F571;
					};
				};
			};
			buildConfigurationList = FAEFAA0325FA288600F8F571 /* Build configuration list for PBXProject "BannerUI" */;
			compatibilityVersion = "Xcode 9.3";
			developmentRegion = en;
			hasScannedForEncodings = 0;
			knownRegions = (
				en,
				Base,
			);
			mainGroup = FAEFA9FF25FA288600F8F571;
			productRefGroup = FAEFAA0925FA288600F8F571 /* Products */;
			projectDirPath = "";
			projectRoot = "";
			targets = (
				FAEFAA0725FA288600F8F571 /* BannerUI */,
				FAEFAA1D25FA288900F8F571 /* BannerUITests */,
				FAEFAA2825FA288900F8F571 /* BannerUIUITests */,
			);
		};
/* End PBXProject section */

/* Begin PBXResourcesBuildPhase section */
		FAEFAA0625FA288600F8F571 /* Resources */ = {
			isa = PBXResourcesBuildPhase;
			buildActionMask = 2147483647;
			files = (
				FAEFAA1825FA288900F8F571 /* LaunchScreen.storyboard in Resources */,
				FAEFAA4225FA2A0F00F8F571 /* GoogleService-Info.plist in Resources */,
				FAEFAA1525FA288900F8F571 /* Preview Assets.xcassets in Resources */,
				FAEFAA1225FA288900F8F571 /* Assets.xcassets in Resources */,
			);
			runOnlyForDeploymentPostprocessing = 0;
		};
		FAEFAA1C25FA288900F8F571 /* Resources */ = {
			isa = PBXResourcesBuildPhase;
			buildActionMask = 2147483647;
			files = (
			);
			runOnlyForDeploymentPostprocessing = 0;
		};
		FAEFAA2725FA288900F8F571 /* Resources */ = {
			isa = PBXResourcesBuildPhase;
			buildActionMask = 2147483647;
			files = (
			);
			runOnlyForDeploymentPostprocessing = 0;
		};
/* End PBXResourcesBuildPhase section */

/* Begin PBXShellScriptBuildPhase section */
		540579B4CFFCCA8BD390681C /* [CP] Check Pods Manifest.lock */ = {
			isa = PBXShellScriptBuildPhase;
			buildActionMask = 2147483647;
			files = (
			);
			inputFileListPaths = (
			);
			inputPaths = (
				"${PODS_PODFILE_DIR_PATH}/Podfile.lock",
				"${PODS_ROOT}/Manifest.lock",
			);
			name = "[CP] Check Pods Manifest.lock";
			outputFileListPaths = (
			);
			outputPaths = (
				"$(DERIVED_FILE_DIR)/Pods-BannerUI-checkManifestLockResult.txt",
			);
			runOnlyForDeploymentPostprocessing = 0;
			shellPath = /bin/sh;
			shellScript = "diff \"${PODS_PODFILE_DIR_PATH}/Podfile.lock\" \"${PODS_ROOT}/Manifest.lock\" > /dev/null\nif [ $? != 0 ] ; then\n    # print error to STDERR\n    echo \"error: The sandbox is not in sync with the Podfile.lock. Run 'pod install' or update your CocoaPods installation.\" >&2\n    exit 1\nfi\n# This output is used by Xcode 'outputs' to avoid re-running this script phase.\necho \"SUCCESS\" > \"${SCRIPT_OUTPUT_FILE_0}\"\n";
			showEnvVarsInLog = 0;
		};
		E62C0A548DBDBD9F58324082 /* [CP] Embed Pods Frameworks */ = {
			isa = PBXShellScriptBuildPhase;
			buildActionMask = 2147483647;
			files = (
			);
			inputFileListPaths = (
				"${PODS_ROOT}/Target Support Files/Pods-BannerUI/Pods-BannerUI-frameworks-${CONFIGURATION}-input-files.xcfilelist",
			);
			name = "[CP] Embed Pods Frameworks";
			outputFileListPaths = (
				"${PODS_ROOT}/Target Support Files/Pods-BannerUI/Pods-BannerUI-frameworks-${CONFIGURATION}-output-files.xcfilelist",
			);
			runOnlyForDeploymentPostprocessing = 0;
			shellPath = /bin/sh;
			shellScript = "\"${PODS_ROOT}/Target Support Files/Pods-BannerUI/Pods-BannerUI-frameworks.sh\"\n";
			showEnvVarsInLog = 0;
		};
/* End PBXShellScriptBuildPhase section */

/* Begin PBXSourcesBuildPhase section */
		FAEFAA0425FA288600F8F571 /* Sources */ = {
			isa = PBXSourcesBuildPhase;
			buildActionMask = 2147483647;
			files = (
				FA763F302699CF24004A4D5C /* CreateFaculty.swift in Sources */,
				FAD588D325FABC8D005CB974 /* StudentRecords.swift in Sources */,
				FAD588A625FABB2D005CB974 /* AcademicTranscript.swift in Sources */,
				FA3A9E5D261079A10091043C /* CreateStudent.swift in Sources */,
				FAD588E025FABCB9005CB974 /* Registeration.swift in Sources */,
				FA97CA2D25FA2F9A002147CA /* Course.swift in Sources */,
				FAEFAA0C25FA288600F8F571 /* AppDelegate.swift in Sources */,
				FA763FB2269B652F004A4D5C /* courseGrading.swift in Sources */,
				FAC4C951269DFFD300055DD9 /* Sections.swift in Sources */,
				FA763F322699DB2B004A4D5C /* AddCourseToFaculty.swift in Sources */,
				FA1C242B2618C3B9003D0660 /* RegisterCart.swift in Sources */,
				FA8C3BB6269CE59C00178C93 /* CreateCourse.swift in Sources */,
				FA1C242626152B54003D0660 /* RegisteredCourses.swift in Sources */,
				FA8C3BB4269CE3E700178C93 /* SubmitSections.swift in Sources */,
				FA3F658F261333920062CF2F /* ShowMajors.swift in Sources */,
				FAC3253E2613320900565D2F /* CourseInfo.swift in Sources */,
				FA97CA4425FA3344002147CA /* CollegeTab.swift in Sources */,
				FA1C24332618DDDC003D0660 /* TempRegister.swift in Sources */,
				FA97CA3C25FA32DD002147CA /* PersonalTab.swift in Sources */,
				FA1C241E26150FDC003D0660 /* CourseRegister.swift in Sources */,
				FA97CA3725FA305E002147CA /* dbRepo.swift in Sources */,
				FAFC6BA7261A55C500674275 /* CreateSections.swift in Sources */,
				FAC32536261331E000565D2F /* BrowseClasses.swift in Sources */,
				FA15165425FB7AE000A70206 /* SignInAuth.swift in Sources */,
				FAC3251E26126A9A00565D2F /* Section.swift in Sources */,
				FAEFAA0E25FA288600F8F571 /* SceneDelegate.swift in Sources */,
				FAC3252326132BE400565D2F /* Majors.swift in Sources */,
				FAD588CE25FABBD8005CB974 /* RegisterClasses.swift in Sources */,
				FAD588B525FABB5A005CB974 /* ClassSchedule.swift in Sources */,
				FA97A0E925FF8E6A003B24CB /* Admin.swift in Sources */,
				FA3A9E55261074840091043C /* Faculty.swift in Sources */,
				FA97CA0D25FA2D19002147CA /* Information.swift in Sources */,
				FA97CA2825FA2F8C002147CA /* Student.swift in Sources */,
				FA763F342699F99F004A4D5C /* GradingCalculator.swift in Sources */,
				FA2B91B925FBF3F200A8540C /* LoginViewModel.swift in Sources */,
				FAEFAA1025FA288600F8F571 /* HomePage.swift in Sources */,
			);
			runOnlyForDeploymentPostprocessing = 0;
		};
		FAEFAA1A25FA288900F8F571 /* Sources */ = {
			isa = PBXSourcesBuildPhase;
			buildActionMask = 2147483647;
			files = (
			);
			runOnlyForDeploymentPostprocessing = 0;
		};
		FAEFAA2525FA288900F8F571 /* Sources */ = {
			isa = PBXSourcesBuildPhase;
			buildActionMask = 2147483647;
			files = (
			);
			runOnlyForDeploymentPostprocessing = 0;
		};
/* End PBXSourcesBuildPhase section */

/* Begin PBXTargetDependency section */
		FAEFAA2025FA288900F8F571 /* PBXTargetDependency */ = {
			isa = PBXTargetDependency;
			target = FAEFAA0725FA288600F8F571 /* BannerUI */;
			targetProxy = FAEFAA1F25FA288900F8F571 /* PBXContainerItemProxy */;
		};
		FAEFAA2B25FA288900F8F571 /* PBXTargetDependency */ = {
			isa = PBXTargetDependency;
			target = FAEFAA0725FA288600F8F571 /* BannerUI */;
			targetProxy = FAEFAA2A25FA288900F8F571 /* PBXContainerItemProxy */;
		};
/* End PBXTargetDependency section */

/* Begin PBXVariantGroup section */
		FAEFAA1625FA288900F8F571 /* LaunchScreen.storyboard */ = {
			isa = PBXVariantGroup;
			children = (
				FAEFAA1725FA288900F8F571 /* Base */,
			);
			name = LaunchScreen.storyboard;
			sourceTree = "<group>";
		};
/* End PBXVariantGroup section */

/* Begin XCBuildConfiguration section */
		FAEFAA3025FA288900F8F571 /* Debug */ = {
			isa = XCBuildConfiguration;
			buildSettings = {
				ALWAYS_SEARCH_USER_PATHS = NO;
				CLANG_ANALYZER_NONNULL = YES;
				CLANG_ANALYZER_NUMBER_OBJECT_CONVERSION = YES_AGGRESSIVE;
				CLANG_CXX_LANGUAGE_STANDARD = "gnu++14";
				CLANG_CXX_LIBRARY = "libc++";
				CLANG_ENABLE_MODULES = YES;
				CLANG_ENABLE_OBJC_ARC = YES;
				CLANG_ENABLE_OBJC_WEAK = YES;
				CLANG_WARN_BLOCK_CAPTURE_AUTORELEASING = YES;
				CLANG_WARN_BOOL_CONVERSION = YES;
				CLANG_WARN_COMMA = YES;
				CLANG_WARN_CONSTANT_CONVERSION = YES;
				CLANG_WARN_DEPRECATED_OBJC_IMPLEMENTATIONS = YES;
				CLANG_WARN_DIRECT_OBJC_ISA_USAGE = YES_ERROR;
				CLANG_WARN_DOCUMENTATION_COMMENTS = YES;
				CLANG_WARN_EMPTY_BODY = YES;
				CLANG_WARN_ENUM_CONVERSION = YES;
				CLANG_WARN_INFINITE_RECURSION = YES;
				CLANG_WARN_INT_CONVERSION = YES;
				CLANG_WARN_NON_LITERAL_NULL_CONVERSION = YES;
				CLANG_WARN_OBJC_IMPLICIT_RETAIN_SELF = YES;
				CLANG_WARN_OBJC_LITERAL_CONVERSION = YES;
				CLANG_WARN_OBJC_ROOT_CLASS = YES_ERROR;
				CLANG_WARN_QUOTED_INCLUDE_IN_FRAMEWORK_HEADER = YES;
				CLANG_WARN_RANGE_LOOP_ANALYSIS = YES;
				CLANG_WARN_STRICT_PROTOTYPES = YES;
				CLANG_WARN_SUSPICIOUS_MOVE = YES;
				CLANG_WARN_UNGUARDED_AVAILABILITY = YES_AGGRESSIVE;
				CLANG_WARN_UNREACHABLE_CODE = YES;
				CLANG_WARN__DUPLICATE_METHOD_MATCH = YES;
				COPY_PHASE_STRIP = NO;
				DEBUG_INFORMATION_FORMAT = dwarf;
				ENABLE_STRICT_OBJC_MSGSEND = YES;
				ENABLE_TESTABILITY = YES;
				GCC_C_LANGUAGE_STANDARD = gnu11;
				GCC_DYNAMIC_NO_PIC = NO;
				GCC_NO_COMMON_BLOCKS = YES;
				GCC_OPTIMIZATION_LEVEL = 0;
				GCC_PREPROCESSOR_DEFINITIONS = (
					"DEBUG=1",
					"$(inherited)",
				);
				GCC_WARN_64_TO_32_BIT_CONVERSION = YES;
				GCC_WARN_ABOUT_RETURN_TYPE = YES_ERROR;
				GCC_WARN_UNDECLARED_SELECTOR = YES;
				GCC_WARN_UNINITIALIZED_AUTOS = YES_AGGRESSIVE;
				GCC_WARN_UNUSED_FUNCTION = YES;
				GCC_WARN_UNUSED_VARIABLE = YES;
				IPHONEOS_DEPLOYMENT_TARGET = 14.4;
				MTL_ENABLE_DEBUG_INFO = INCLUDE_SOURCE;
				MTL_FAST_MATH = YES;
				ONLY_ACTIVE_ARCH = YES;
				SDKROOT = iphoneos;
				SWIFT_ACTIVE_COMPILATION_CONDITIONS = DEBUG;
				SWIFT_OPTIMIZATION_LEVEL = "-Onone";
			};
			name = Debug;
		};
		FAEFAA3125FA288900F8F571 /* Release */ = {
			isa = XCBuildConfiguration;
			buildSettings = {
				ALWAYS_SEARCH_USER_PATHS = NO;
				CLANG_ANALYZER_NONNULL = YES;
				CLANG_ANALYZER_NUMBER_OBJECT_CONVERSION = YES_AGGRESSIVE;
				CLANG_CXX_LANGUAGE_STANDARD = "gnu++14";
				CLANG_CXX_LIBRARY = "libc++";
				CLANG_ENABLE_MODULES = YES;
				CLANG_ENABLE_OBJC_ARC = YES;
				CLANG_ENABLE_OBJC_WEAK = YES;
				CLANG_WARN_BLOCK_CAPTURE_AUTORELEASING = YES;
				CLANG_WARN_BOOL_CONVERSION = YES;
				CLANG_WARN_COMMA = YES;
				CLANG_WARN_CONSTANT_CONVERSION = YES;
				CLANG_WARN_DEPRECATED_OBJC_IMPLEMENTATIONS = YES;
				CLANG_WARN_DIRECT_OBJC_ISA_USAGE = YES_ERROR;
				CLANG_WARN_DOCUMENTATION_COMMENTS = YES;
				CLANG_WARN_EMPTY_BODY = YES;
				CLANG_WARN_ENUM_CONVERSION = YES;
				CLANG_WARN_INFINITE_RECURSION = YES;
				CLANG_WARN_INT_CONVERSION = YES;
				CLANG_WARN_NON_LITERAL_NULL_CONVERSION = YES;
				CLANG_WARN_OBJC_IMPLICIT_RETAIN_SELF = YES;
				CLANG_WARN_OBJC_LITERAL_CONVERSION = YES;
				CLANG_WARN_OBJC_ROOT_CLASS = YES_ERROR;
				CLANG_WARN_QUOTED_INCLUDE_IN_FRAMEWORK_HEADER = YES;
				CLANG_WARN_RANGE_LOOP_ANALYSIS = YES;
				CLANG_WARN_STRICT_PROTOTYPES = YES;
				CLANG_WARN_SUSPICIOUS_MOVE = YES;
				CLANG_WARN_UNGUARDED_AVAILABILITY = YES_AGGRESSIVE;
				CLANG_WARN_UNREACHABLE_CODE = YES;
				CLANG_WARN__DUPLICATE_METHOD_MATCH = YES;
				COPY_PHASE_STRIP = NO;
				DEBUG_INFORMATION_FORMAT = "dwarf-with-dsym";
				ENABLE_NS_ASSERTIONS = NO;
				ENABLE_STRICT_OBJC_MSGSEND = YES;
				GCC_C_LANGUAGE_STANDARD = gnu11;
				GCC_NO_COMMON_BLOCKS = YES;
				GCC_WARN_64_TO_32_BIT_CONVERSION = YES;
				GCC_WARN_ABOUT_RETURN_TYPE = YES_ERROR;
				GCC_WARN_UNDECLARED_SELECTOR = YES;
				GCC_WARN_UNINITIALIZED_AUTOS = YES_AGGRESSIVE;
				GCC_WARN_UNUSED_FUNCTION = YES;
				GCC_WARN_UNUSED_VARIABLE = YES;
				IPHONEOS_DEPLOYMENT_TARGET = 14.4;
				MTL_ENABLE_DEBUG_INFO = NO;
				MTL_FAST_MATH = YES;
				SDKROOT = iphoneos;
				SWIFT_COMPILATION_MODE = wholemodule;
				SWIFT_OPTIMIZATION_LEVEL = "-O";
				VALIDATE_PRODUCT = YES;
			};
			name = Release;
		};
		FAEFAA3325FA288900F8F571 /* Debug */ = {
			isa = XCBuildConfiguration;
			baseConfigurationReference = 59B5DAB2B36DAF17863718D4 /* Pods-BannerUI.debug.xcconfig */;
			buildSettings = {
				ASSETCATALOG_COMPILER_APPICON_NAME = AppIcon;
				ASSETCATALOG_COMPILER_GLOBAL_ACCENT_COLOR_NAME = AccentColor;
				CODE_SIGN_STYLE = Automatic;
				DEVELOPMENT_ASSET_PATHS = "\"BannerUI/Preview Content\"";
				DEVELOPMENT_TEAM = 8SYUC88349;
				ENABLE_PREVIEWS = YES;
				INFOPLIST_FILE = BannerUI/Info.plist;
				IPHONEOS_DEPLOYMENT_TARGET = 14.4;
				LD_RUNPATH_SEARCH_PATHS = (
					"$(inherited)",
					"@executable_path/Frameworks",
				);
				PRODUCT_BUNDLE_IDENTIFIER = Card.BannerUI;
				PRODUCT_NAME = "$(TARGET_NAME)";
				SWIFT_VERSION = 5.0;
				TARGETED_DEVICE_FAMILY = "1,2";
			};
			name = Debug;
		};
		FAEFAA3425FA288900F8F571 /* Release */ = {
			isa = XCBuildConfiguration;
			baseConfigurationReference = 952B03FE7D653F7C49940A2E /* Pods-BannerUI.release.xcconfig */;
			buildSettings = {
				ASSETCATALOG_COMPILER_APPICON_NAME = AppIcon;
				ASSETCATALOG_COMPILER_GLOBAL_ACCENT_COLOR_NAME = AccentColor;
				CODE_SIGN_STYLE = Automatic;
				DEVELOPMENT_ASSET_PATHS = "\"BannerUI/Preview Content\"";
				DEVELOPMENT_TEAM = 8SYUC88349;
				ENABLE_PREVIEWS = YES;
				INFOPLIST_FILE = BannerUI/Info.plist;
				IPHONEOS_DEPLOYMENT_TARGET = 14.4;
				LD_RUNPATH_SEARCH_PATHS = (
					"$(inherited)",
					"@executable_path/Frameworks",
				);
				PRODUCT_BUNDLE_IDENTIFIER = Card.BannerUI;
				PRODUCT_NAME = "$(TARGET_NAME)";
				SWIFT_VERSION = 5.0;
				TARGETED_DEVICE_FAMILY = "1,2";
			};
			name = Release;
		};
		FAEFAA3625FA288900F8F571 /* Debug */ = {
			isa = XCBuildConfiguration;
			buildSettings = {
				ALWAYS_EMBED_SWIFT_STANDARD_LIBRARIES = YES;
				BUNDLE_LOADER = "$(TEST_HOST)";
				CODE_SIGN_STYLE = Automatic;
				DEVELOPMENT_TEAM = 8SYUC88349;
				INFOPLIST_FILE = BannerUITests/Info.plist;
				IPHONEOS_DEPLOYMENT_TARGET = 14.4;
				LD_RUNPATH_SEARCH_PATHS = (
					"$(inherited)",
					"@executable_path/Frameworks",
					"@loader_path/Frameworks",
				);
				PRODUCT_BUNDLE_IDENTIFIER = Card.BannerUITests;
				PRODUCT_NAME = "$(TARGET_NAME)";
				SWIFT_VERSION = 5.0;
				TARGETED_DEVICE_FAMILY = "1,2";
				TEST_HOST = "$(BUILT_PRODUCTS_DIR)/BannerUI.app/BannerUI";
			};
			name = Debug;
		};
		FAEFAA3725FA288900F8F571 /* Release */ = {
			isa = XCBuildConfiguration;
			buildSettings = {
				ALWAYS_EMBED_SWIFT_STANDARD_LIBRARIES = YES;
				BUNDLE_LOADER = "$(TEST_HOST)";
				CODE_SIGN_STYLE = Automatic;
				DEVELOPMENT_TEAM = 8SYUC88349;
				INFOPLIST_FILE = BannerUITests/Info.plist;
				IPHONEOS_DEPLOYMENT_TARGET = 14.4;
				LD_RUNPATH_SEARCH_PATHS = (
					"$(inherited)",
					"@executable_path/Frameworks",
					"@loader_path/Frameworks",
				);
				PRODUCT_BUNDLE_IDENTIFIER = Card.BannerUITests;
				PRODUCT_NAME = "$(TARGET_NAME)";
				SWIFT_VERSION = 5.0;
				TARGETED_DEVICE_FAMILY = "1,2";
				TEST_HOST = "$(BUILT_PRODUCTS_DIR)/BannerUI.app/BannerUI";
			};
			name = Release;
		};
		FAEFAA3925FA288900F8F571 /* Debug */ = {
			isa = XCBuildConfiguration;
			buildSettings = {
				ALWAYS_EMBED_SWIFT_STANDARD_LIBRARIES = YES;
				CODE_SIGN_STYLE = Automatic;
				DEVELOPMENT_TEAM = 8SYUC88349;
				INFOPLIST_FILE = BannerUIUITests/Info.plist;
				LD_RUNPATH_SEARCH_PATHS = (
					"$(inherited)",
					"@executable_path/Frameworks",
					"@loader_path/Frameworks",
				);
				PRODUCT_BUNDLE_IDENTIFIER = Card.BannerUIUITests;
				PRODUCT_NAME = "$(TARGET_NAME)";
				SWIFT_VERSION = 5.0;
				TARGETED_DEVICE_FAMILY = "1,2";
				TEST_TARGET_NAME = BannerUI;
			};
			name = Debug;
		};
		FAEFAA3A25FA288900F8F571 /* Release */ = {
			isa = XCBuildConfiguration;
			buildSettings = {
				ALWAYS_EMBED_SWIFT_STANDARD_LIBRARIES = YES;
				CODE_SIGN_STYLE = Automatic;
				DEVELOPMENT_TEAM = 8SYUC88349;
				INFOPLIST_FILE = BannerUIUITests/Info.plist;
				LD_RUNPATH_SEARCH_PATHS = (
					"$(inherited)",
					"@executable_path/Frameworks",
					"@loader_path/Frameworks",
				);
				PRODUCT_BUNDLE_IDENTIFIER = Card.BannerUIUITests;
				PRODUCT_NAME = "$(TARGET_NAME)";
				SWIFT_VERSION = 5.0;
				TARGETED_DEVICE_FAMILY = "1,2";
				TEST_TARGET_NAME = BannerUI;
			};
			name = Release;
		};
/* End XCBuildConfiguration section */

/* Begin XCConfigurationList section */
		FAEFAA0325FA288600F8F571 /* Build configuration list for PBXProject "BannerUI" */ = {
			isa = XCConfigurationList;
			buildConfigurations = (
				FAEFAA3025FA288900F8F571 /* Debug */,
				FAEFAA3125FA288900F8F571 /* Release */,
			);
			defaultConfigurationIsVisible = 0;
			defaultConfigurationName = Release;
		};
		FAEFAA3225FA288900F8F571 /* Build configuration list for PBXNativeTarget "BannerUI" */ = {
			isa = XCConfigurationList;
			buildConfigurations = (
				FAEFAA3325FA288900F8F571 /* Debug */,
				FAEFAA3425FA288900F8F571 /* Release */,
			);
			defaultConfigurationIsVisible = 0;
			defaultConfigurationName = Release;
		};
		FAEFAA3525FA288900F8F571 /* Build configuration list for PBXNativeTarget "BannerUITests" */ = {
			isa = XCConfigurationList;
			buildConfigurations = (
				FAEFAA3625FA288900F8F571 /* Debug */,
				FAEFAA3725FA288900F8F571 /* Release */,
			);
			defaultConfigurationIsVisible = 0;
			defaultConfigurationName = Release;
		};
		FAEFAA3825FA288900F8F571 /* Build configuration list for PBXNativeTarget "BannerUIUITests" */ = {
			isa = XCConfigurationList;
			buildConfigurations = (
				FAEFAA3925FA288900F8F571 /* Debug */,
				FAEFAA3A25FA288900F8F571 /* Release */,
			);
			defaultConfigurationIsVisible = 0;
			defaultConfigurationName = Release;
		};
/* End XCConfigurationList section */
	};
	rootObject = FAEFAA0025FA288600F8F571 /* Project object */;
}
